
Microsoft Visual Studio Solution File, Format Version 12.00
# Visual Studio 15
VisualStudioVersion = 15.0.27703.2047
MinimumVisualStudioVersion = 10.0.40219.1
Project("{9A19103F-16F7-4668-BE54-9A1E7A4F7556}") = "FUT", "WebApplication8\FUT.csproj", "{9A26F69A-26E7-467D-BE5B-01F646FD6DA4}"
EndProject
Global
	GlobalSection(SolutionConfigurationPlatforms) = preSolution
		Debug|Any CPU = Debug|Any CPU
		Release|Any CPU = Release|Any CPU
	EndGlobalSection
	GlobalSection(ProjectConfigurationPlatforms) = postSolution
		{9A26F69A-26E7-467D-BE5B-01F646FD6DA4}.Debug|Any CPU.ActiveCfg = Debug|Any CPU
		{9A26F69A-26E7-467D-BE5B-01F646FD6DA4}.Debug|Any CPU.Build.0 = Debug|Any CPU
		{9A26F69A-26E7-467D-BE5B-01F646FD6DA4}.Release|Any CPU.ActiveCfg = Release|Any CPU
		{9A26F69A-26E7-467D-BE5B-01F646FD6DA4}.Release|Any CPU.Build.0 = Release|Any CPU
	EndGlobalSection
	GlobalSection(SolutionProperties) = preSolution
		HideSolutionNode = FALSE
	EndGlobalSection
	GlobalSection(ExtensibilityGlobals) = postSolution
		SolutionGuid = {198F12D7-588A-46B5-BE3E-284708C6D43E}
	EndGlobalSection
EndGlobal
